// !$*UTF8*$!
{
	archiveVersion = 1;
	classes = {
	};
	objectVersion = 50;
	objects = {

/* Begin PBXBuildFile section */
		18A04C3A2114A64D009FF6A2 /* AppDelegate.swift in Sources */ = {isa = PBXBuildFile; fileRef = 18A04C392114A64D009FF6A2 /* AppDelegate.swift */; };
		18A04C3F2114A64D009FF6A2 /* Main.storyboard in Resources */ = {isa = PBXBuildFile; fileRef = 18A04C3D2114A64D009FF6A2 /* Main.storyboard */; };
		18A04C412114A650009FF6A2 /* Assets.xcassets in Resources */ = {isa = PBXBuildFile; fileRef = 18A04C402114A650009FF6A2 /* Assets.xcassets */; };
		18A04C442114A650009FF6A2 /* LaunchScreen.storyboard in Resources */ = {isa = PBXBuildFile; fileRef = 18A04C422114A650009FF6A2 /* LaunchScreen.storyboard */; };
		18A04C4F2114A650009FF6A2 /* FoodTruck_TrackerTests.swift in Sources */ = {isa = PBXBuildFile; fileRef = 18A04C4E2114A650009FF6A2 /* FoodTruck_TrackerTests.swift */; };
		18A04C5F2114A74F009FF6A2 /* MainVC.swift in Sources */ = {isa = PBXBuildFile; fileRef = 18A04C5E2114A74F009FF6A2 /* MainVC.swift */; };
		18A04C612114A79C009FF6A2 /* FoodTruck.swift in Sources */ = {isa = PBXBuildFile; fileRef = 18A04C602114A79C009FF6A2 /* FoodTruck.swift */; };
		18A04C632114AE4C009FF6A2 /* FoodTruckReview.swift in Sources */ = {isa = PBXBuildFile; fileRef = 18A04C622114AE4C009FF6A2 /* FoodTruckReview.swift */; };
/* End PBXBuildFile section */

/* Begin PBXContainerItemProxy section */
		18A04C4B2114A650009FF6A2 /* PBXContainerItemProxy */ = {
			isa = PBXContainerItemProxy;
			containerPortal = 18A04C2E2114A64D009FF6A2 /* Project object */;
			proxyType = 1;
			remoteGlobalIDString = 18A04C352114A64D009FF6A2;
			remoteInfo = "FoodTruck Tracker";
		};
/* End PBXContainerItemProxy section */

/* Begin PBXFileReference section */
		18A04C362114A64D009FF6A2 /* FoodTruck Tracker.app */ = {isa = PBXFileReference; explicitFileType = wrapper.application; includeInIndex = 0; path = "FoodTruck Tracker.app"; sourceTree = BUILT_PRODUCTS_DIR; };
		18A04C392114A64D009FF6A2 /* AppDelegate.swift */ = {isa = PBXFileReference; lastKnownFileType = sourcecode.swift; path = AppDelegate.swift; sourceTree = "<group>"; };
		18A04C3E2114A64D009FF6A2 /* Base */ = {isa = PBXFileReference; lastKnownFileType = file.storyboard; name = Base; path = Base.lproj/Main.storyboard; sourceTree = "<group>"; };
		18A04C402114A650009FF6A2 /* Assets.xcassets */ = {isa = PBXFileReference; lastKnownFileType = folder.assetcatalog; path = Assets.xcassets; sourceTree = "<group>"; };
		18A04C432114A650009FF6A2 /* Base */ = {isa = PBXFileReference; lastKnownFileType = file.storyboard; name = Base; path = Base.lproj/LaunchScreen.storyboard; sourceTree = "<group>"; };
		18A04C452114A650009FF6A2 /* Info.plist */ = {isa = PBXFileReference; lastKnownFileType = text.plist.xml; path = Info.plist; sourceTree = "<group>"; };
		18A04C4A2114A650009FF6A2 /* FoodTruck TrackerTests.xctest */ = {isa = PBXFileReference; explicitFileType = wrapper.cfbundle; includeInIndex = 0; path = "FoodTruck TrackerTests.xctest"; sourceTree = BUILT_PRODUCTS_DIR; };
		18A04C4E2114A650009FF6A2 /* FoodTruck_TrackerTests.swift */ = {isa = PBXFileReference; lastKnownFileType = sourcecode.swift; path = FoodTruck_TrackerTests.swift; sourceTree = "<group>"; };
		18A04C502114A650009FF6A2 /* Info.plist */ = {isa = PBXFileReference; lastKnownFileType = text.plist.xml; path = Info.plist; sourceTree = "<group>"; };
		18A04C5E2114A74F009FF6A2 /* MainVC.swift */ = {isa = PBXFileReference; lastKnownFileType = sourcecode.swift; path = MainVC.swift; sourceTree = "<group>"; };
		18A04C602114A79C009FF6A2 /* FoodTruck.swift */ = {isa = PBXFileReference; lastKnownFileType = sourcecode.swift; path = FoodTruck.swift; sourceTree = "<group>"; };
		18A04C622114AE4C009FF6A2 /* FoodTruckReview.swift */ = {isa = PBXFileReference; lastKnownFileType = sourcecode.swift; path = FoodTruckReview.swift; sourceTree = "<group>"; };
/* End PBXFileReference section */

/* Begin PBXFrameworksBuildPhase section */
		18A04C332114A64D009FF6A2 /* Frameworks */ = {
			isa = PBXFrameworksBuildPhase;
			buildActionMask = 2147483647;
			files = (
			);
			runOnlyForDeploymentPostprocessing = 0;
		};
		18A04C472114A650009FF6A2 /* Frameworks */ = {
			isa = PBXFrameworksBuildPhase;
			buildActionMask = 2147483647;
			files = (
			);
			runOnlyForDeploymentPostprocessing = 0;
		};
/* End PBXFrameworksBuildPhase section */

/* Begin PBXGroup section */
		18A04C2D2114A64D009FF6A2 = {
			isa = PBXGroup;
			children = (
				18A04C382114A64D009FF6A2 /* FoodTruck Tracker */,
				18A04C4D2114A650009FF6A2 /* FoodTruck TrackerTests */,
				18A04C372114A64D009FF6A2 /* Products */,
			);
			sourceTree = "<group>";
		};
		18A04C372114A64D009FF6A2 /* Products */ = {
			isa = PBXGroup;
			children = (
				18A04C362114A64D009FF6A2 /* FoodTruck Tracker.app */,
				18A04C4A2114A650009FF6A2 /* FoodTruck TrackerTests.xctest */,
			);
			name = Products;
			sourceTree = "<group>";
		};
		18A04C382114A64D009FF6A2 /* FoodTruck Tracker */ = {
			isa = PBXGroup;
			children = (
				18A04C5A2114A6C6009FF6A2 /* Model */,
				18A04C5B2114A6CF009FF6A2 /* View */,
				18A04C5C2114A6D7009FF6A2 /* Controller */,
				18A04C592114A6BD009FF6A2 /* Services */,
				18A04C5D2114A70B009FF6A2 /* Resources */,
			);
			path = "FoodTruck Tracker";
			sourceTree = "<group>";
		};
		18A04C4D2114A650009FF6A2 /* FoodTruck TrackerTests */ = {
			isa = PBXGroup;
			children = (
				18A04C4E2114A650009FF6A2 /* FoodTruck_TrackerTests.swift */,
				18A04C502114A650009FF6A2 /* Info.plist */,
			);
			path = "FoodTruck TrackerTests";
			sourceTree = "<group>";
		};
		18A04C592114A6BD009FF6A2 /* Services */ = {
			isa = PBXGroup;
			children = (
			);
			path = Services;
			sourceTree = "<group>";
		};
		18A04C5A2114A6C6009FF6A2 /* Model */ = {
			isa = PBXGroup;
			children = (
				18A04C602114A79C009FF6A2 /* FoodTruck.swift */,
				18A04C622114AE4C009FF6A2 /* FoodTruckReview.swift */,
			);
			path = Model;
			sourceTree = "<group>";
		};
		18A04C5B2114A6CF009FF6A2 /* View */ = {
			isa = PBXGroup;
			children = (
				18A04C3D2114A64D009FF6A2 /* Main.storyboard */,
				18A04C422114A650009FF6A2 /* LaunchScreen.storyboard */,
			);
			path = View;
			sourceTree = "<group>";
		};
		18A04C5C2114A6D7009FF6A2 /* Controller */ = {
			isa = PBXGroup;
			children = (
				18A04C392114A64D009FF6A2 /* AppDelegate.swift */,
				18A04C5E2114A74F009FF6A2 /* MainVC.swift */,
			);
			path = Controller;
			sourceTree = "<group>";
		};
		18A04C5D2114A70B009FF6A2 /* Resources */ = {
			isa = PBXGroup;
			children = (
				18A04C452114A650009FF6A2 /* Info.plist */,
				18A04C402114A650009FF6A2 /* Assets.xcassets */,
			);
			path = Resources;
			sourceTree = "<group>";
		};
/* End PBXGroup section */

/* Begin PBXNativeTarget section */
		18A04C352114A64D009FF6A2 /* FoodTruck Tracker */ = {
			isa = PBXNativeTarget;
			buildConfigurationList = 18A04C532114A650009FF6A2 /* Build configuration list for PBXNativeTarget "FoodTruck Tracker" */;
			buildPhases = (
				18A04C322114A64D009FF6A2 /* Sources */,
				18A04C332114A64D009FF6A2 /* Frameworks */,
				18A04C342114A64D009FF6A2 /* Resources */,
			);
			buildRules = (
			);
			dependencies = (
			);
			name = "FoodTruck Tracker";
			productName = "FoodTruck Tracker";
			productReference = 18A04C362114A64D009FF6A2 /* FoodTruck Tracker.app */;
			productType = "com.apple.product-type.application";
		};
		18A04C492114A650009FF6A2 /* FoodTruck TrackerTests */ = {
			isa = PBXNativeTarget;
			buildConfigurationList = 18A04C562114A650009FF6A2 /* Build configuration list for PBXNativeTarget "FoodTruck TrackerTests" */;
			buildPhases = (
				18A04C462114A650009FF6A2 /* Sources */,
				18A04C472114A650009FF6A2 /* Frameworks */,
				18A04C482114A650009FF6A2 /* Resources */,
			);
			buildRules = (
			);
			dependencies = (
				18A04C4C2114A650009FF6A2 /* PBXTargetDependency */,
			);
			name = "FoodTruck TrackerTests";
			productName = "FoodTruck TrackerTests";
			productReference = 18A04C4A2114A650009FF6A2 /* FoodTruck TrackerTests.xctest */;
			productType = "com.apple.product-type.bundle.unit-test";
		};
/* End PBXNativeTarget section */

/* Begin PBXProject section */
		18A04C2E2114A64D009FF6A2 /* Project object */ = {
			isa = PBXProject;
			attributes = {
				LastSwiftUpdateCheck = 0940;
				LastUpgradeCheck = 0940;
				ORGANIZATIONNAME = "Ryan Chingway";
				TargetAttributes = {
					18A04C352114A64D009FF6A2 = {
						CreatedOnToolsVersion = 9.4.1;
					};
					18A04C492114A650009FF6A2 = {
						CreatedOnToolsVersion = 9.4.1;
						TestTargetID = 18A04C352114A64D009FF6A2;
					};
				};
			};
			buildConfigurationList = 18A04C312114A64D009FF6A2 /* Build configuration list for PBXProject "FoodTruck Tracker" */;
			compatibilityVersion = "Xcode 9.3";
			developmentRegion = en;
			hasScannedForEncodings = 0;
			knownRegions = (
				en,
				Base,
			);
			mainGroup = 18A04C2D2114A64D009FF6A2;
			productRefGroup = 18A04C372114A64D009FF6A2 /* Products */;
			projectDirPath = "";
			projectRoot = "";
			targets = (
				18A04C352114A64D009FF6A2 /* FoodTruck Tracker */,
				18A04C492114A650009FF6A2 /* FoodTruck TrackerTests */,
			);
		};
/* End PBXProject section */

/* Begin PBXResourcesBuildPhase section */
		18A04C342114A64D009FF6A2 /* Resources */ = {
			isa = PBXResourcesBuildPhase;
			buildActionMask = 2147483647;
			files = (
				18A04C442114A650009FF6A2 /* LaunchScreen.storyboard in Resources */,
				18A04C412114A650009FF6A2 /* Assets.xcassets in Resources */,
				18A04C3F2114A64D009FF6A2 /* Main.storyboard in Resources */,
			);
			runOnlyForDeploymentPostprocessing = 0;
		};
		18A04C482114A650009FF6A2 /* Resources */ = {
			isa = PBXResourcesBuildPhase;
			buildActionMask = 2147483647;
			files = (
			);
			runOnlyForDeploymentPostprocessing = 0;
		};
/* End PBXResourcesBuildPhase section */

/* Begin PBXSourcesBuildPhase section */
		18A04C322114A64D009FF6A2 /* Sources */ = {
			isa = PBXSourcesBuildPhase;
			buildActionMask = 2147483647;
			files = (
				18A04C3A2114A64D009FF6A2 /* AppDelegate.swift in Sources */,
				18A04C5F2114A74F009FF6A2 /* MainVC.swift in Sources */,
				18A04C612114A79C009FF6A2 /* FoodTruck.swift in Sources */,
				18A04C632114AE4C009FF6A2 /* FoodTruckReview.swift in Sources */,
			);
			runOnlyForDeploymentPostprocessing = 0;
		};
		18A04C462114A650009FF6A2 /* Sources */ = {
			isa = PBXSourcesBuildPhase;
			buildActionMask = 2147483647;
			files = (
				18A04C4F2114A650009FF6A2 /* FoodTruck_TrackerTests.swift in Sources */,
			);
			runOnlyForDeploymentPostprocessing = 0;
		};
/* End PBXSourcesBuildPhase section */

/* Begin PBXTargetDependency section */
		18A04C4C2114A650009FF6A2 /* PBXTargetDependency */ = {
			isa = PBXTargetDependency;
			target = 18A04C352114A64D009FF6A2 /* FoodTruck Tracker */;
			targetProxy = 18A04C4B2114A650009FF6A2 /* PBXContainerItemProxy */;
		};
/* End PBXTargetDependency section */

/* Begin PBXVariantGroup section */
		18A04C3D2114A64D009FF6A2 /* Main.storyboard */ = {
			isa = PBXVariantGroup;
			children = (
				18A04C3E2114A64D009FF6A2 /* Base */,
			);
			name = Main.storyboard;
			sourceTree = "<group>";
		};
		18A04C422114A650009FF6A2 /* LaunchScreen.storyboard */ = {
			isa = PBXVariantGroup;
			children = (
				18A04C432114A650009FF6A2 /* Base */,
			);
			name = LaunchScreen.storyboard;
			sourceTree = "<group>";
		};
/* End PBXVariantGroup section */

/* Begin XCBuildConfiguration section */
		18A04C512114A650009FF6A2 /* Debug */ = {
			isa = XCBuildConfiguration;
			buildSettings = {
				ALWAYS_SEARCH_USER_PATHS = NO;
				CLANG_ANALYZER_NONNULL = YES;
				CLANG_ANALYZER_NUMBER_OBJECT_CONVERSION = YES_AGGRESSIVE;
				CLANG_CXX_LANGUAGE_STANDARD = "gnu++14";
				CLANG_CXX_LIBRARY = "libc++";
				CLANG_ENABLE_MODULES = YES;
				CLANG_ENABLE_OBJC_ARC = YES;
				CLANG_ENABLE_OBJC_WEAK = YES;
				CLANG_WARN_BLOCK_CAPTURE_AUTORELEASING = YES;
				CLANG_WARN_BOOL_CONVERSION = YES;
				CLANG_WARN_COMMA = YES;
				CLANG_WARN_CONSTANT_CONVERSION = YES;
				CLANG_WARN_DEPRECATED_OBJC_IMPLEMENTATIONS = YES;
				CLANG_WARN_DIRECT_OBJC_ISA_USAGE = YES_ERROR;
				CLANG_WARN_DOCUMENTATION_COMMENTS = YES;
				CLANG_WARN_EMPTY_BODY = YES;
				CLANG_WARN_ENUM_CONVERSION = YES;
				CLANG_WARN_INFINITE_RECURSION = YES;
				CLANG_WARN_INT_CONVERSION = YES;
				CLANG_WARN_NON_LITERAL_NULL_CONVERSION = YES;
				CLANG_WARN_OBJC_IMPLICIT_RETAIN_SELF = YES;
				CLANG_WARN_OBJC_LITERAL_CONVERSION = YES;
				CLANG_WARN_OBJC_ROOT_CLASS = YES_ERROR;
				CLANG_WARN_RANGE_LOOP_ANALYSIS = YES;
				CLANG_WARN_STRICT_PROTOTYPES = YES;
				CLANG_WARN_SUSPICIOUS_MOVE = YES;
				CLANG_WARN_UNGUARDED_AVAILABILITY = YES_AGGRESSIVE;
				CLANG_WARN_UNREACHABLE_CODE = YES;
				CLANG_WARN__DUPLICATE_METHOD_MATCH = YES;
				CODE_SIGN_IDENTITY = "iPhone Developer";
				COPY_PHASE_STRIP = NO;
				DEBUG_INFORMATION_FORMAT = dwarf;
				ENABLE_STRICT_OBJC_MSGSEND = YES;
				ENABLE_TESTABILITY = YES;
				GCC_C_LANGUAGE_STANDARD = gnu11;
				GCC_DYNAMIC_NO_PIC = NO;
				GCC_NO_COMMON_BLOCKS = YES;
				GCC_OPTIMIZATION_LEVEL = 0;
				GCC_PREPROCESSOR_DEFINITIONS = (
					"DEBUG=1",
					"$(inherited)",
				);
				GCC_WARN_64_TO_32_BIT_CONVERSION = YES;
				GCC_WARN_ABOUT_RETURN_TYPE = YES_ERROR;
				GCC_WARN_UNDECLARED_SELECTOR = YES;
				GCC_WARN_UNINITIALIZED_AUTOS = YES_AGGRESSIVE;
				GCC_WARN_UNUSED_FUNCTION = YES;
				GCC_WARN_UNUSED_VARIABLE = YES;
				IPHONEOS_DEPLOYMENT_TARGET = 11.4;
				MTL_ENABLE_DEBUG_INFO = YES;
				ONLY_ACTIVE_ARCH = YES;
				SDKROOT = iphoneos;
				SWIFT_ACTIVE_COMPILATION_CONDITIONS = DEBUG;
				SWIFT_OPTIMIZATION_LEVEL = "-Onone";
			};
			name = Debug;
		};
		18A04C522114A650009FF6A2 /* Release */ = {
			isa = XCBuildConfiguration;
			buildSettings = {
				ALWAYS_SEARCH_USER_PATHS = NO;
				CLANG_ANALYZER_NONNULL = YES;
				CLANG_ANALYZER_NUMBER_OBJECT_CONVERSION = YES_AGGRESSIVE;
				CLANG_CXX_LANGUAGE_STANDARD = "gnu++14";
				CLANG_CXX_LIBRARY = "libc++";
				CLANG_ENABLE_MODULES = YES;
				CLANG_ENABLE_OBJC_ARC = YES;
				CLANG_ENABLE_OBJC_WEAK = YES;
				CLANG_WARN_BLOCK_CAPTURE_AUTORELEASING = YES;
				CLANG_WARN_BOOL_CONVERSION = YES;
				CLANG_WARN_COMMA = YES;
				CLANG_WARN_CONSTANT_CONVERSION = YES;
				CLANG_WARN_DEPRECATED_OBJC_IMPLEMENTATIONS = YES;
				CLANG_WARN_DIRECT_OBJC_ISA_USAGE = YES_ERROR;
				CLANG_WARN_DOCUMENTATION_COMMENTS = YES;
				CLANG_WARN_EMPTY_BODY = YES;
				CLANG_WARN_ENUM_CONVERSION = YES;
				CLANG_WARN_INFINITE_RECURSION = YES;
				CLANG_WARN_INT_CONVERSION = YES;
				CLANG_WARN_NON_LITERAL_NULL_CONVERSION = YES;
				CLANG_WARN_OBJC_IMPLICIT_RETAIN_SELF = YES;
				CLANG_WARN_OBJC_LITERAL_CONVERSION = YES;
				CLANG_WARN_OBJC_ROOT_CLASS = YES_ERROR;
				CLANG_WARN_RANGE_LOOP_ANALYSIS = YES;
				CLANG_WARN_STRICT_PROTOTYPES = YES;
				CLANG_WARN_SUSPICIOUS_MOVE = YES;
				CLANG_WARN_UNGUARDED_AVAILABILITY = YES_AGGRESSIVE;
				CLANG_WARN_UNREACHABLE_CODE = YES;
				CLANG_WARN__DUPLICATE_METHOD_MATCH = YES;
				CODE_SIGN_IDENTITY = "iPhone Developer";
				COPY_PHASE_STRIP = NO;
				DEBUG_INFORMATION_FORMAT = "dwarf-with-dsym";
				ENABLE_NS_ASSERTIONS = NO;
				ENABLE_STRICT_OBJC_MSGSEND = YES;
				GCC_C_LANGUAGE_STANDARD = gnu11;
				GCC_NO_COMMON_BLOCKS = YES;
				GCC_WARN_64_TO_32_BIT_CONVERSION = YES;
				GCC_WARN_ABOUT_RETURN_TYPE = YES_ERROR;
				GCC_WARN_UNDECLARED_SELECTOR = YES;
				GCC_WARN_UNINITIALIZED_AUTOS = YES_AGGRESSIVE;
				GCC_WARN_UNUSED_FUNCTION = YES;
				GCC_WARN_UNUSED_VARIABLE = YES;
				IPHONEOS_DEPLOYMENT_TARGET = 11.4;
				MTL_ENABLE_DEBUG_INFO = NO;
				SDKROOT = iphoneos;
				SWIFT_COMPILATION_MODE = wholemodule;
				SWIFT_OPTIMIZATION_LEVEL = "-O";
				VALIDATE_PRODUCT = YES;
			};
			name = Release;
		};
		18A04C542114A650009FF6A2 /* Debug */ = {
			isa = XCBuildConfiguration;
			buildSettings = {
				ASSETCATALOG_COMPILER_APPICON_NAME = AppIcon;
				CODE_SIGN_STYLE = Automatic;
				DEVELOPMENT_TEAM = G9X2BJN5A2;
				INFOPLIST_FILE = "FoodTruck Tracker/Info.plist";
				LD_RUNPATH_SEARCH_PATHS = (
					"$(inherited)",
					"@executable_path/Frameworks",
				);
				PRODUCT_BUNDLE_IDENTIFIER = "com.ryanchingway.FoodTruck-Tracker";
				PRODUCT_NAME = "$(TARGET_NAME)";
				SWIFT_VERSION = 4.0;
				TARGETED_DEVICE_FAMILY = 1;
			};
			name = Debug;
		};
		18A04C552114A650009FF6A2 /* Release */ = {
			isa = XCBuildConfiguration;
			buildSettings = {
				ASSETCATALOG_COMPILER_APPICON_NAME = AppIcon;
				CODE_SIGN_STYLE = Automatic;
				DEVELOPMENT_TEAM = G9X2BJN5A2;
				INFOPLIST_FILE = "FoodTruck Tracker/Info.plist";
				LD_RUNPATH_SEARCH_PATHS = (
					"$(inherited)",
					"@executable_path/Frameworks",
				);
				PRODUCT_BUNDLE_IDENTIFIER = "com.ryanchingway.FoodTruck-Tracker";
				PRODUCT_NAME = "$(TARGET_NAME)";
				SWIFT_VERSION = 4.0;
				TARGETED_DEVICE_FAMILY = 1;
			};
			name = Release;
		};
		18A04C572114A650009FF6A2 /* Debug */ = {
			isa = XCBuildConfiguration;
			buildSettings = {
				ALWAYS_EMBED_SWIFT_STANDARD_LIBRARIES = YES;
				BUNDLE_LOADER = "$(TEST_HOST)";
				CODE_SIGN_STYLE = Automatic;
				DEVELOPMENT_TEAM = G9X2BJN5A2;
				INFOPLIST_FILE = "FoodTruck TrackerTests/Info.plist";
				LD_RUNPATH_SEARCH_PATHS = (
					"$(inherited)",
					"@executable_path/Frameworks",
					"@loader_path/Frameworks",
				);
				PRODUCT_BUNDLE_IDENTIFIER = "com.ryanchingway.FoodTruck-TrackerTests";
				PRODUCT_NAME = "$(TARGET_NAME)";
				SWIFT_VERSION = 4.0;
				TARGETED_DEVICE_FAMILY = "1,2";
				TEST_HOST = "$(BUILT_PRODUCTS_DIR)/FoodTruck Tracker.app/FoodTruck Tracker";
			};
			name = Debug;
		};
		18A04C582114A650009FF6A2 /* Release */ = {
			isa = XCBuildConfiguration;
			buildSettings = {
				ALWAYS_EMBED_SWIFT_STANDARD_LIBRARIES = YES;
				BUNDLE_LOADER = "$(TEST_HOST)";
				CODE_SIGN_STYLE = Automatic;
				DEVELOPMENT_TEAM = G9X2BJN5A2;
				INFOPLIST_FILE = "FoodTruck TrackerTests/Info.plist";
				LD_RUNPATH_SEARCH_PATHS = (
					"$(inherited)",
					"@executable_path/Frameworks",
					"@loader_path/Frameworks",
				);
				PRODUCT_BUNDLE_IDENTIFIER = "com.ryanchingway.FoodTruck-TrackerTests";
				PRODUCT_NAME = "$(TARGET_NAME)";
				SWIFT_VERSION = 4.0;
				TARGETED_DEVICE_FAMILY = "1,2";
				TEST_HOST = "$(BUILT_PRODUCTS_DIR)/FoodTruck Tracker.app/FoodTruck Tracker";
			};
			name = Release;
		};
/* End XCBuildConfiguration section */

/* Begin XCConfigurationList section */
		18A04C312114A64D009FF6A2 /* Build configuration list for PBXProject "FoodTruck Tracker" */ = {
			isa = XCConfigurationList;
			buildConfigurations = (
				18A04C512114A650009FF6A2 /* Debug */,
				18A04C522114A650009FF6A2 /* Release */,
			);
			defaultConfigurationIsVisible = 0;
			defaultConfigurationName = Release;
		};
		18A04C532114A650009FF6A2 /* Build configuration list for PBXNativeTarget "FoodTruck Tracker" */ = {
			isa = XCConfigurationList;
			buildConfigurations = (
				18A04C542114A650009FF6A2 /* Debug */,
				18A04C552114A650009FF6A2 /* Release */,
			);
			defaultConfigurationIsVisible = 0;
			defaultConfigurationName = Release;
		};
		18A04C562114A650009FF6A2 /* Build configuration list for PBXNativeTarget "FoodTruck TrackerTests" */ = {
			isa = XCConfigurationList;
			buildConfigurations = (
				18A04C572114A650009FF6A2 /* Debug */,
				18A04C582114A650009FF6A2 /* Release */,
			);
			defaultConfigurationIsVisible = 0;
			defaultConfigurationName = Release;
		};
/* End XCConfigurationList section */
	};
	rootObject = 18A04C2E2114A64D009FF6A2 /* Project object */;
}
